
Microsoft Visual Studio Solution File, Format Version 12.00
# Visual Studio Version 16
VisualStudioVersion = 16.0.30611.23
MinimumVisualStudioVersion = 10.0.40219.1
Project("{FAE04EC0-301F-11D3-BF4B-00C04F79EFBC}") = "21oct-PrimerContacto", "21oct-PrimerContacto\21oct-PrimerContacto.csproj", "{9720D330-D298-4EEB-854A-5A2A9947422B}"
EndProject
Global
	GlobalSection(SolutionConfigurationPlatforms) = preSolution
		Debug|Any CPU = Debug|Any CPU
		Release|Any CPU = Release|Any CPU
	EndGlobalSection
	GlobalSection(ProjectConfigurationPlatforms) = postSolution
		{9720D330-D298-4EEB-854A-5A2A9947422B}.Debug|Any CPU.ActiveCfg = Debug|Any CPU
		{9720D330-D298-4EEB-854A-5A2A9947422B}.Debug|Any CPU.Build.0 = Debug|Any CPU
		{9720D330-D298-4EEB-854A-5A2A9947422B}.Release|Any CPU.ActiveCfg = Release|Any CPU
		{9720D330-D298-4EEB-854A-5A2A9947422B}.Release|Any CPU.Build.0 = Release|Any CPU
	EndGlobalSection
	GlobalSection(SolutionProperties) = preSolution
		HideSolutionNode = FALSE
	EndGlobalSection
	GlobalSection(ExtensibilityGlobals) = postSolution
		SolutionGuid = {BF068F32-564E-4FB4-B259-296DC3D4EA46}
	EndGlobalSection
EndGlobal
