
Microsoft Visual Studio Solution File, Format Version 12.00
# Visual Studio Version 16
VisualStudioVersion = 16.0.30907.101
MinimumVisualStudioVersion = 10.0.40219.1
Project("{FAE04EC0-301F-11D3-BF4B-00C04F79EFBC}") = "Arrays", "Arrays\Arrays.csproj", "{F1946191-065B-437D-AB42-2B702759CEDB}"
EndProject
Global
	GlobalSection(SolutionConfigurationPlatforms) = preSolution
		Debug|Any CPU = Debug|Any CPU
		Release|Any CPU = Release|Any CPU
	EndGlobalSection
	GlobalSection(ProjectConfigurationPlatforms) = postSolution
		{F1946191-065B-437D-AB42-2B702759CEDB}.Debug|Any CPU.ActiveCfg = Debug|Any CPU
		{F1946191-065B-437D-AB42-2B702759CEDB}.Debug|Any CPU.Build.0 = Debug|Any CPU
		{F1946191-065B-437D-AB42-2B702759CEDB}.Release|Any CPU.ActiveCfg = Release|Any CPU
		{F1946191-065B-437D-AB42-2B702759CEDB}.Release|Any CPU.Build.0 = Release|Any CPU
	EndGlobalSection
	GlobalSection(SolutionProperties) = preSolution
		HideSolutionNode = FALSE
	EndGlobalSection
	GlobalSection(ExtensibilityGlobals) = postSolution
		SolutionGuid = {7EB2C12D-60D6-4ACA-A772-DA1E93351318}
	EndGlobalSection
EndGlobal
