
Microsoft Visual Studio Solution File, Format Version 12.00
# Visual Studio Version 16
VisualStudioVersion = 16.0.30907.101
MinimumVisualStudioVersion = 10.0.40219.1
Project("{FAE04EC0-301F-11D3-BF4B-00C04F79EFBC}") = "Arrays-1DAM", "Arrays-1DAM\Arrays-1DAM.csproj", "{4E08BB16-4FC6-475B-8AF8-34BE234FC454}"
EndProject
Global
	GlobalSection(SolutionConfigurationPlatforms) = preSolution
		Debug|Any CPU = Debug|Any CPU
		Release|Any CPU = Release|Any CPU
	EndGlobalSection
	GlobalSection(ProjectConfigurationPlatforms) = postSolution
		{4E08BB16-4FC6-475B-8AF8-34BE234FC454}.Debug|Any CPU.ActiveCfg = Debug|Any CPU
		{4E08BB16-4FC6-475B-8AF8-34BE234FC454}.Debug|Any CPU.Build.0 = Debug|Any CPU
		{4E08BB16-4FC6-475B-8AF8-34BE234FC454}.Release|Any CPU.ActiveCfg = Release|Any CPU
		{4E08BB16-4FC6-475B-8AF8-34BE234FC454}.Release|Any CPU.Build.0 = Release|Any CPU
	EndGlobalSection
	GlobalSection(SolutionProperties) = preSolution
		HideSolutionNode = FALSE
	EndGlobalSection
	GlobalSection(ExtensibilityGlobals) = postSolution
		SolutionGuid = {97E9F10C-1713-43F5-A988-2EAC1E3B6838}
	EndGlobalSection
EndGlobal
